// !$*UTF8*$!
{
	archiveVersion = 1;
	classes = {
	};
	objectVersion = 50;
	objects = {

/* Begin PBXBuildFile section */
		FC1BC07B2607BEBE00589B69 /* PacotesViagensViewController.swift in Sources */ = {isa = PBXBuildFile; fileRef = FC1BC07A2607BEBE00589B69 /* PacotesViagensViewController.swift */; };
		FC1BC07D2607C06A00589B69 /* PacoteViagemCollectionViewCell.swift in Sources */ = {isa = PBXBuildFile; fileRef = FC1BC07C2607C06A00589B69 /* PacoteViagemCollectionViewCell.swift */; };
		FC3A416C2603BCAD00909049 /* AppDelegate.swift in Sources */ = {isa = PBXBuildFile; fileRef = FC3A416B2603BCAD00909049 /* AppDelegate.swift */; };
		FC3A416E2603BCAD00909049 /* ViewController.swift in Sources */ = {isa = PBXBuildFile; fileRef = FC3A416D2603BCAD00909049 /* ViewController.swift */; };
		FC3A41712603BCAD00909049 /* Main.storyboard in Resources */ = {isa = PBXBuildFile; fileRef = FC3A416F2603BCAD00909049 /* Main.storyboard */; };
		FC3A41732603BCAE00909049 /* Assets.xcassets in Resources */ = {isa = PBXBuildFile; fileRef = FC3A41722603BCAE00909049 /* Assets.xcassets */; };
		FC3A41762603BCAE00909049 /* LaunchScreen.storyboard in Resources */ = {isa = PBXBuildFile; fileRef = FC3A41742603BCAE00909049 /* LaunchScreen.storyboard */; };
		FC41076E2607F20400740096 /* DetalhesViagensViewController.swift in Sources */ = {isa = PBXBuildFile; fileRef = FC41076D2607F20400740096 /* DetalhesViagensViewController.swift */; };
		FC4107702608013E00740096 /* PacoteViagem.swift in Sources */ = {isa = PBXBuildFile; fileRef = FC41076F2608013E00740096 /* PacoteViagem.swift */; };
		FC410772260803A300740096 /* PacoteViagemDAO.swift in Sources */ = {isa = PBXBuildFile; fileRef = FC410771260803A300740096 /* PacoteViagemDAO.swift */; };
		FC4107852608045200740096 /* icon_back.png in Resources */ = {isa = PBXBuildFile; fileRef = FC4107742608045200740096 /* icon_back.png */; };
		FC4107862608045200740096 /* icon_search@2x.png in Resources */ = {isa = PBXBuildFile; fileRef = FC4107752608045200740096 /* icon_search@2x.png */; };
		FC4107872608045200740096 /* icon_package@2x.png in Resources */ = {isa = PBXBuildFile; fileRef = FC4107762608045200740096 /* icon_package@2x.png */; };
		FC4107882608045200740096 /* img9.jpg in Resources */ = {isa = PBXBuildFile; fileRef = FC4107772608045200740096 /* img9.jpg */; };
		FC4107892608045200740096 /* img8.jpg in Resources */ = {isa = PBXBuildFile; fileRef = FC4107782608045200740096 /* img8.jpg */; };
		FC41078A2608045200740096 /* icon_airplane.png in Resources */ = {isa = PBXBuildFile; fileRef = FC4107792608045200740096 /* icon_airplane.png */; };
		FC41078B2608045200740096 /* img5.jpg in Resources */ = {isa = PBXBuildFile; fileRef = FC41077A2608045200740096 /* img5.jpg */; };
		FC41078C2608045200740096 /* img4.jpg in Resources */ = {isa = PBXBuildFile; fileRef = FC41077B2608045200740096 /* img4.jpg */; };
		FC41078D2608045200740096 /* img6.jpg in Resources */ = {isa = PBXBuildFile; fileRef = FC41077C2608045200740096 /* img6.jpg */; };
		FC41078E2608045200740096 /* img7.jpg in Resources */ = {isa = PBXBuildFile; fileRef = FC41077D2608045200740096 /* img7.jpg */; };
		FC41078F2608045200740096 /* img3.jpg in Resources */ = {isa = PBXBuildFile; fileRef = FC41077E2608045200740096 /* img3.jpg */; };
		FC4107902608045200740096 /* img2.jpg in Resources */ = {isa = PBXBuildFile; fileRef = FC41077F2608045200740096 /* img2.jpg */; };
		FC4107912608045200740096 /* icon_breakfast.png in Resources */ = {isa = PBXBuildFile; fileRef = FC4107802608045200740096 /* icon_breakfast.png */; };
		FC4107922608045200740096 /* img1.png in Resources */ = {isa = PBXBuildFile; fileRef = FC4107812608045200740096 /* img1.png */; };
		FC4107932608045200740096 /* img11.jpg in Resources */ = {isa = PBXBuildFile; fileRef = FC4107822608045200740096 /* img11.jpg */; };
		FC4107942608045200740096 /* img10.jpg in Resources */ = {isa = PBXBuildFile; fileRef = FC4107832608045200740096 /* img10.jpg */; };
		FC4107952608045200740096 /* icon_hotel.png in Resources */ = {isa = PBXBuildFile; fileRef = FC4107842608045200740096 /* icon_hotel.png */; };
		FCC02E412603DCEB00AFB60F /* Viagem.swift in Sources */ = {isa = PBXBuildFile; fileRef = FCC02E402603DCEB00AFB60F /* Viagem.swift */; };
		FCC02E452603E10000AFB60F /* TableViewCell.swift in Sources */ = {isa = PBXBuildFile; fileRef = FCC02E442603E10000AFB60F /* TableViewCell.swift */; };
		FCC02E582603F49700AFB60F /* ViagemDAO.swift in Sources */ = {isa = PBXBuildFile; fileRef = FCC02E572603F49700AFB60F /* ViagemDAO.swift */; };
/* End PBXBuildFile section */

/* Begin PBXFileReference section */
		FC1BC07A2607BEBE00589B69 /* PacotesViagensViewController.swift */ = {isa = PBXFileReference; lastKnownFileType = sourcecode.swift; path = PacotesViagensViewController.swift; sourceTree = "<group>"; };
		FC1BC07C2607C06A00589B69 /* PacoteViagemCollectionViewCell.swift */ = {isa = PBXFileReference; lastKnownFileType = sourcecode.swift; path = PacoteViagemCollectionViewCell.swift; sourceTree = "<group>"; };
		FC3A41682603BCAD00909049 /* Alura Viagens.app */ = {isa = PBXFileReference; explicitFileType = wrapper.application; includeInIndex = 0; path = "Alura Viagens.app"; sourceTree = BUILT_PRODUCTS_DIR; };
		FC3A416B2603BCAD00909049 /* AppDelegate.swift */ = {isa = PBXFileReference; lastKnownFileType = sourcecode.swift; path = AppDelegate.swift; sourceTree = "<group>"; };
		FC3A416D2603BCAD00909049 /* ViewController.swift */ = {isa = PBXFileReference; lastKnownFileType = sourcecode.swift; path = ViewController.swift; sourceTree = "<group>"; };
		FC3A41702603BCAD00909049 /* Base */ = {isa = PBXFileReference; lastKnownFileType = file.storyboard; name = Base; path = Base.lproj/Main.storyboard; sourceTree = "<group>"; };
		FC3A41722603BCAE00909049 /* Assets.xcassets */ = {isa = PBXFileReference; lastKnownFileType = folder.assetcatalog; path = Assets.xcassets; sourceTree = "<group>"; };
		FC3A41752603BCAE00909049 /* Base */ = {isa = PBXFileReference; lastKnownFileType = file.storyboard; name = Base; path = Base.lproj/LaunchScreen.storyboard; sourceTree = "<group>"; };
		FC3A41772603BCAE00909049 /* Info.plist */ = {isa = PBXFileReference; lastKnownFileType = text.plist.xml; path = Info.plist; sourceTree = "<group>"; };
		FC41076D2607F20400740096 /* DetalhesViagensViewController.swift */ = {isa = PBXFileReference; lastKnownFileType = sourcecode.swift; path = DetalhesViagensViewController.swift; sourceTree = "<group>"; };
		FC41076F2608013E00740096 /* PacoteViagem.swift */ = {isa = PBXFileReference; lastKnownFileType = sourcecode.swift; path = PacoteViagem.swift; sourceTree = "<group>"; };
		FC410771260803A300740096 /* PacoteViagemDAO.swift */ = {isa = PBXFileReference; fileEncoding = 4; lastKnownFileType = sourcecode.swift; path = PacoteViagemDAO.swift; sourceTree = "<group>"; };
		FC4107742608045200740096 /* icon_back.png */ = {isa = PBXFileReference; lastKnownFileType = image.png; path = icon_back.png; sourceTree = "<group>"; };
		FC4107752608045200740096 /* icon_search@2x.png */ = {isa = PBXFileReference; lastKnownFileType = image.png; path = "icon_search@2x.png"; sourceTree = "<group>"; };
		FC4107762608045200740096 /* icon_package@2x.png */ = {isa = PBXFileReference; lastKnownFileType = image.png; path = "icon_package@2x.png"; sourceTree = "<group>"; };
		FC4107772608045200740096 /* img9.jpg */ = {isa = PBXFileReference; lastKnownFileType = image.jpeg; path = img9.jpg; sourceTree = "<group>"; };
		FC4107782608045200740096 /* img8.jpg */ = {isa = PBXFileReference; lastKnownFileType = image.jpeg; path = img8.jpg; sourceTree = "<group>"; };
		FC4107792608045200740096 /* icon_airplane.png */ = {isa = PBXFileReference; lastKnownFileType = image.png; path = icon_airplane.png; sourceTree = "<group>"; };
		FC41077A2608045200740096 /* img5.jpg */ = {isa = PBXFileReference; lastKnownFileType = image.jpeg; path = img5.jpg; sourceTree = "<group>"; };
		FC41077B2608045200740096 /* img4.jpg */ = {isa = PBXFileReference; lastKnownFileType = image.jpeg; path = img4.jpg; sourceTree = "<group>"; };
		FC41077C2608045200740096 /* img6.jpg */ = {isa = PBXFileReference; lastKnownFileType = image.jpeg; path = img6.jpg; sourceTree = "<group>"; };
		FC41077D2608045200740096 /* img7.jpg */ = {isa = PBXFileReference; lastKnownFileType = image.jpeg; path = img7.jpg; sourceTree = "<group>"; };
		FC41077E2608045200740096 /* img3.jpg */ = {isa = PBXFileReference; lastKnownFileType = image.jpeg; path = img3.jpg; sourceTree = "<group>"; };
		FC41077F2608045200740096 /* img2.jpg */ = {isa = PBXFileReference; lastKnownFileType = image.jpeg; path = img2.jpg; sourceTree = "<group>"; };
		FC4107802608045200740096 /* icon_breakfast.png */ = {isa = PBXFileReference; lastKnownFileType = image.png; path = icon_breakfast.png; sourceTree = "<group>"; };
		FC4107812608045200740096 /* img1.png */ = {isa = PBXFileReference; lastKnownFileType = image.png; path = img1.png; sourceTree = "<group>"; };
		FC4107822608045200740096 /* img11.jpg */ = {isa = PBXFileReference; lastKnownFileType = image.jpeg; path = img11.jpg; sourceTree = "<group>"; };
		FC4107832608045200740096 /* img10.jpg */ = {isa = PBXFileReference; lastKnownFileType = image.jpeg; path = img10.jpg; sourceTree = "<group>"; };
		FC4107842608045200740096 /* icon_hotel.png */ = {isa = PBXFileReference; lastKnownFileType = image.png; path = icon_hotel.png; sourceTree = "<group>"; };
		FCC02E402603DCEB00AFB60F /* Viagem.swift */ = {isa = PBXFileReference; lastKnownFileType = sourcecode.swift; path = Viagem.swift; sourceTree = "<group>"; };
		FCC02E442603E10000AFB60F /* TableViewCell.swift */ = {isa = PBXFileReference; lastKnownFileType = sourcecode.swift; path = TableViewCell.swift; sourceTree = "<group>"; };
		FCC02E572603F49700AFB60F /* ViagemDAO.swift */ = {isa = PBXFileReference; fileEncoding = 4; lastKnownFileType = sourcecode.swift; name = ViagemDAO.swift; path = "Alura Viagens/ViagemDAO.swift"; sourceTree = SOURCE_ROOT; };
/* End PBXFileReference section */

/* Begin PBXFrameworksBuildPhase section */
		FC3A41652603BCAD00909049 /* Frameworks */ = {
			isa = PBXFrameworksBuildPhase;
			buildActionMask = 2147483647;
			files = (
			);
			runOnlyForDeploymentPostprocessing = 0;
		};
/* End PBXFrameworksBuildPhase section */

/* Begin PBXGroup section */
		FC1BC0772607BE5D00589B69 /* Pacotes */ = {
			isa = PBXGroup;
			children = (
				FC1BC0782607BE8100589B69 /* Controller */,
				FC1BC0792607BE8900589B69 /* View */,
			);
			path = Pacotes;
			sourceTree = "<group>";
		};
		FC1BC0782607BE8100589B69 /* Controller */ = {
			isa = PBXGroup;
			children = (
				FC1BC07A2607BEBE00589B69 /* PacotesViagensViewController.swift */,
			);
			path = Controller;
			sourceTree = "<group>";
		};
		FC1BC0792607BE8900589B69 /* View */ = {
			isa = PBXGroup;
			children = (
				FC1BC07C2607C06A00589B69 /* PacoteViagemCollectionViewCell.swift */,
			);
			path = View;
			sourceTree = "<group>";
		};
		FC3A415F2603BCAD00909049 = {
			isa = PBXGroup;
			children = (
				FC3A416A2603BCAD00909049 /* Alura Viagens */,
				FC3A41692603BCAD00909049 /* Products */,
			);
			sourceTree = "<group>";
		};
		FC3A41692603BCAD00909049 /* Products */ = {
			isa = PBXGroup;
			children = (
				FC3A41682603BCAD00909049 /* Alura Viagens.app */,
			);
			name = Products;
			sourceTree = "<group>";
		};
		FC3A416A2603BCAD00909049 /* Alura Viagens */ = {
			isa = PBXGroup;
			children = (
				FC3A416B2603BCAD00909049 /* AppDelegate.swift */,
				FCC02E512603EE8900AFB60F /* Model */,
				FCC02E522603EEAD00AFB60F /* Home */,
				FC1BC0772607BE5D00589B69 /* Pacotes */,
				FC4107692607F19E00740096 /* DetalhesViagem */,
				FCC02E552603F0B800AFB60F /* ViagemDAO */,
				FC3A416F2603BCAD00909049 /* Main.storyboard */,
				FC3A41722603BCAE00909049 /* Assets.xcassets */,
				FC4107732608045200740096 /* Assets */,
				FC3A41742603BCAE00909049 /* LaunchScreen.storyboard */,
				FC3A41772603BCAE00909049 /* Info.plist */,
			);
			path = "Alura Viagens";
			sourceTree = "<group>";
		};
		FC4107692607F19E00740096 /* DetalhesViagem */ = {
			isa = PBXGroup;
			children = (
				FC41076A2607F1B400740096 /* View */,
				FC41076B2607F1C000740096 /* Controller */,
			);
			path = DetalhesViagem;
			sourceTree = "<group>";
		};
		FC41076A2607F1B400740096 /* View */ = {
			isa = PBXGroup;
			children = (
			);
			path = View;
			sourceTree = "<group>";
		};
		FC41076B2607F1C000740096 /* Controller */ = {
			isa = PBXGroup;
			children = (
				FC41076D2607F20400740096 /* DetalhesViagensViewController.swift */,
			);
			path = Controller;
			sourceTree = "<group>";
		};
		FC4107732608045200740096 /* Assets */ = {
			isa = PBXGroup;
			children = (
				FC4107742608045200740096 /* icon_back.png */,
				FC4107752608045200740096 /* icon_search@2x.png */,
				FC4107762608045200740096 /* icon_package@2x.png */,
				FC4107772608045200740096 /* img9.jpg */,
				FC4107782608045200740096 /* img8.jpg */,
				FC4107792608045200740096 /* icon_airplane.png */,
				FC41077A2608045200740096 /* img5.jpg */,
				FC41077B2608045200740096 /* img4.jpg */,
				FC41077C2608045200740096 /* img6.jpg */,
				FC41077D2608045200740096 /* img7.jpg */,
				FC41077E2608045200740096 /* img3.jpg */,
				FC41077F2608045200740096 /* img2.jpg */,
				FC4107802608045200740096 /* icon_breakfast.png */,
				FC4107812608045200740096 /* img1.png */,
				FC4107822608045200740096 /* img11.jpg */,
				FC4107832608045200740096 /* img10.jpg */,
				FC4107842608045200740096 /* icon_hotel.png */,
			);
			path = Assets;
			sourceTree = "<group>";
		};
		FCC02E512603EE8900AFB60F /* Model */ = {
			isa = PBXGroup;
			children = (
				FCC02E402603DCEB00AFB60F /* Viagem.swift */,
				FC41076F2608013E00740096 /* PacoteViagem.swift */,
			);
			path = Model;
			sourceTree = "<group>";
		};
		FCC02E522603EEAD00AFB60F /* Home */ = {
			isa = PBXGroup;
			children = (
				FCC02E542603F09F00AFB60F /* View */,
				FCC02E532603F09200AFB60F /* Controller */,
			);
			path = Home;
			sourceTree = "<group>";
		};
		FCC02E532603F09200AFB60F /* Controller */ = {
			isa = PBXGroup;
			children = (
				FC3A416D2603BCAD00909049 /* ViewController.swift */,
			);
			path = Controller;
			sourceTree = "<group>";
		};
		FCC02E542603F09F00AFB60F /* View */ = {
			isa = PBXGroup;
			children = (
				FCC02E442603E10000AFB60F /* TableViewCell.swift */,
			);
			path = View;
			sourceTree = "<group>";
		};
		FCC02E552603F0B800AFB60F /* ViagemDAO */ = {
			isa = PBXGroup;
			children = (
				FC410771260803A300740096 /* PacoteViagemDAO.swift */,
				FCC02E572603F49700AFB60F /* ViagemDAO.swift */,
			);
			path = ViagemDAO;
			sourceTree = "<group>";
		};
/* End PBXGroup section */

/* Begin PBXNativeTarget section */
		FC3A41672603BCAD00909049 /* Alura Viagens */ = {
			isa = PBXNativeTarget;
			buildConfigurationList = FC3A417A2603BCAE00909049 /* Build configuration list for PBXNativeTarget "Alura Viagens" */;
			buildPhases = (
				FC3A41642603BCAD00909049 /* Sources */,
				FC3A41652603BCAD00909049 /* Frameworks */,
				FC3A41662603BCAD00909049 /* Resources */,
			);
			buildRules = (
			);
			dependencies = (
			);
			name = "Alura Viagens";
			productName = "Alura Viagens";
			productReference = FC3A41682603BCAD00909049 /* Alura Viagens.app */;
			productType = "com.apple.product-type.application";
		};
/* End PBXNativeTarget section */

/* Begin PBXProject section */
		FC3A41602603BCAD00909049 /* Project object */ = {
			isa = PBXProject;
			attributes = {
				LastSwiftUpdateCheck = 1010;
				LastUpgradeCheck = 1010;
				ORGANIZATIONNAME = Alura;
				TargetAttributes = {
					FC3A41672603BCAD00909049 = {
						CreatedOnToolsVersion = 10.1;
					};
				};
			};
			buildConfigurationList = FC3A41632603BCAD00909049 /* Build configuration list for PBXProject "Alura Viagens" */;
			compatibilityVersion = "Xcode 9.3";
			developmentRegion = en;
			hasScannedForEncodings = 0;
			knownRegions = (
				en,
				Base,
			);
			mainGroup = FC3A415F2603BCAD00909049;
			productRefGroup = FC3A41692603BCAD00909049 /* Products */;
			projectDirPath = "";
			projectRoot = "";
			targets = (
				FC3A41672603BCAD00909049 /* Alura Viagens */,
			);
		};
/* End PBXProject section */

/* Begin PBXResourcesBuildPhase section */
		FC3A41662603BCAD00909049 /* Resources */ = {
			isa = PBXResourcesBuildPhase;
			buildActionMask = 2147483647;
			files = (
				FC4107912608045200740096 /* icon_breakfast.png in Resources */,
				FC4107872608045200740096 /* icon_package@2x.png in Resources */,
				FC4107902608045200740096 /* img2.jpg in Resources */,
				FC41078C2608045200740096 /* img4.jpg in Resources */,
				FC41078B2608045200740096 /* img5.jpg in Resources */,
				FC41078F2608045200740096 /* img3.jpg in Resources */,
				FC3A41762603BCAE00909049 /* LaunchScreen.storyboard in Resources */,
				FC4107922608045200740096 /* img1.png in Resources */,
				FC4107852608045200740096 /* icon_back.png in Resources */,
				FC3A41732603BCAE00909049 /* Assets.xcassets in Resources */,
				FC4107892608045200740096 /* img8.jpg in Resources */,
				FC41078E2608045200740096 /* img7.jpg in Resources */,
				FC3A41712603BCAD00909049 /* Main.storyboard in Resources */,
				FC4107942608045200740096 /* img10.jpg in Resources */,
				FC4107862608045200740096 /* icon_search@2x.png in Resources */,
				FC41078A2608045200740096 /* icon_airplane.png in Resources */,
				FC41078D2608045200740096 /* img6.jpg in Resources */,
				FC4107952608045200740096 /* icon_hotel.png in Resources */,
				FC4107882608045200740096 /* img9.jpg in Resources */,
				FC4107932608045200740096 /* img11.jpg in Resources */,
			);
			runOnlyForDeploymentPostprocessing = 0;
		};
/* End PBXResourcesBuildPhase section */

/* Begin PBXSourcesBuildPhase section */
		FC3A41642603BCAD00909049 /* Sources */ = {
			isa = PBXSourcesBuildPhase;
			buildActionMask = 2147483647;
			files = (
				FCC02E452603E10000AFB60F /* TableViewCell.swift in Sources */,
				FCC02E582603F49700AFB60F /* ViagemDAO.swift in Sources */,
				FC3A416E2603BCAD00909049 /* ViewController.swift in Sources */,
				FCC02E412603DCEB00AFB60F /* Viagem.swift in Sources */,
				FC41076E2607F20400740096 /* DetalhesViagensViewController.swift in Sources */,
				FC410772260803A300740096 /* PacoteViagemDAO.swift in Sources */,
				FC1BC07B2607BEBE00589B69 /* PacotesViagensViewController.swift in Sources */,
				FC1BC07D2607C06A00589B69 /* PacoteViagemCollectionViewCell.swift in Sources */,
				FC3A416C2603BCAD00909049 /* AppDelegate.swift in Sources */,
				FC4107702608013E00740096 /* PacoteViagem.swift in Sources */,
			);
			runOnlyForDeploymentPostprocessing = 0;
		};
/* End PBXSourcesBuildPhase section */

/* Begin PBXVariantGroup section */
		FC3A416F2603BCAD00909049 /* Main.storyboard */ = {
			isa = PBXVariantGroup;
			children = (
				FC3A41702603BCAD00909049 /* Base */,
			);
			name = Main.storyboard;
			sourceTree = "<group>";
		};
		FC3A41742603BCAE00909049 /* LaunchScreen.storyboard */ = {
			isa = PBXVariantGroup;
			children = (
				FC3A41752603BCAE00909049 /* Base */,
			);
			name = LaunchScreen.storyboard;
			sourceTree = "<group>";
		};
/* End PBXVariantGroup section */

/* Begin XCBuildConfiguration section */
		FC3A41782603BCAE00909049 /* Debug */ = {
			isa = XCBuildConfiguration;
			buildSettings = {
				ALWAYS_SEARCH_USER_PATHS = NO;
				CLANG_ANALYZER_NONNULL = YES;
				CLANG_ANALYZER_NUMBER_OBJECT_CONVERSION = YES_AGGRESSIVE;
				CLANG_CXX_LANGUAGE_STANDARD = "gnu++14";
				CLANG_CXX_LIBRARY = "libc++";
				CLANG_ENABLE_MODULES = YES;
				CLANG_ENABLE_OBJC_ARC = YES;
				CLANG_ENABLE_OBJC_WEAK = YES;
				CLANG_WARN_BLOCK_CAPTURE_AUTORELEASING = YES;
				CLANG_WARN_BOOL_CONVERSION = YES;
				CLANG_WARN_COMMA = YES;
				CLANG_WARN_CONSTANT_CONVERSION = YES;
				CLANG_WARN_DEPRECATED_OBJC_IMPLEMENTATIONS = YES;
				CLANG_WARN_DIRECT_OBJC_ISA_USAGE = YES_ERROR;
				CLANG_WARN_DOCUMENTATION_COMMENTS = YES;
				CLANG_WARN_EMPTY_BODY = YES;
				CLANG_WARN_ENUM_CONVERSION = YES;
				CLANG_WARN_INFINITE_RECURSION = YES;
				CLANG_WARN_INT_CONVERSION = YES;
				CLANG_WARN_NON_LITERAL_NULL_CONVERSION = YES;
				CLANG_WARN_OBJC_IMPLICIT_RETAIN_SELF = YES;
				CLANG_WARN_OBJC_LITERAL_CONVERSION = YES;
				CLANG_WARN_OBJC_ROOT_CLASS = YES_ERROR;
				CLANG_WARN_RANGE_LOOP_ANALYSIS = YES;
				CLANG_WARN_STRICT_PROTOTYPES = YES;
				CLANG_WARN_SUSPICIOUS_MOVE = YES;
				CLANG_WARN_UNGUARDED_AVAILABILITY = YES_AGGRESSIVE;
				CLANG_WARN_UNREACHABLE_CODE = YES;
				CLANG_WARN__DUPLICATE_METHOD_MATCH = YES;
				CODE_SIGN_IDENTITY = "iPhone Developer";
				COPY_PHASE_STRIP = NO;
				DEBUG_INFORMATION_FORMAT = dwarf;
				ENABLE_STRICT_OBJC_MSGSEND = YES;
				ENABLE_TESTABILITY = YES;
				GCC_C_LANGUAGE_STANDARD = gnu11;
				GCC_DYNAMIC_NO_PIC = NO;
				GCC_NO_COMMON_BLOCKS = YES;
				GCC_OPTIMIZATION_LEVEL = 0;
				GCC_PREPROCESSOR_DEFINITIONS = (
					"DEBUG=1",
					"$(inherited)",
				);
				GCC_WARN_64_TO_32_BIT_CONVERSION = YES;
				GCC_WARN_ABOUT_RETURN_TYPE = YES_ERROR;
				GCC_WARN_UNDECLARED_SELECTOR = YES;
				GCC_WARN_UNINITIALIZED_AUTOS = YES_AGGRESSIVE;
				GCC_WARN_UNUSED_FUNCTION = YES;
				GCC_WARN_UNUSED_VARIABLE = YES;
				IPHONEOS_DEPLOYMENT_TARGET = 12.1;
				MTL_ENABLE_DEBUG_INFO = INCLUDE_SOURCE;
				MTL_FAST_MATH = YES;
				ONLY_ACTIVE_ARCH = YES;
				SDKROOT = iphoneos;
				SWIFT_ACTIVE_COMPILATION_CONDITIONS = DEBUG;
				SWIFT_OPTIMIZATION_LEVEL = "-Onone";
			};
			name = Debug;
		};
		FC3A41792603BCAE00909049 /* Release */ = {
			isa = XCBuildConfiguration;
			buildSettings = {
				ALWAYS_SEARCH_USER_PATHS = NO;
				CLANG_ANALYZER_NONNULL = YES;
				CLANG_ANALYZER_NUMBER_OBJECT_CONVERSION = YES_AGGRESSIVE;
				CLANG_CXX_LANGUAGE_STANDARD = "gnu++14";
				CLANG_CXX_LIBRARY = "libc++";
				CLANG_ENABLE_MODULES = YES;
				CLANG_ENABLE_OBJC_ARC = YES;
				CLANG_ENABLE_OBJC_WEAK = YES;
				CLANG_WARN_BLOCK_CAPTURE_AUTORELEASING = YES;
				CLANG_WARN_BOOL_CONVERSION = YES;
				CLANG_WARN_COMMA = YES;
				CLANG_WARN_CONSTANT_CONVERSION = YES;
				CLANG_WARN_DEPRECATED_OBJC_IMPLEMENTATIONS = YES;
				CLANG_WARN_DIRECT_OBJC_ISA_USAGE = YES_ERROR;
				CLANG_WARN_DOCUMENTATION_COMMENTS = YES;
				CLANG_WARN_EMPTY_BODY = YES;
				CLANG_WARN_ENUM_CONVERSION = YES;
				CLANG_WARN_INFINITE_RECURSION = YES;
				CLANG_WARN_INT_CONVERSION = YES;
				CLANG_WARN_NON_LITERAL_NULL_CONVERSION = YES;
				CLANG_WARN_OBJC_IMPLICIT_RETAIN_SELF = YES;
				CLANG_WARN_OBJC_LITERAL_CONVERSION = YES;
				CLANG_WARN_OBJC_ROOT_CLASS = YES_ERROR;
				CLANG_WARN_RANGE_LOOP_ANALYSIS = YES;
				CLANG_WARN_STRICT_PROTOTYPES = YES;
				CLANG_WARN_SUSPICIOUS_MOVE = YES;
				CLANG_WARN_UNGUARDED_AVAILABILITY = YES_AGGRESSIVE;
				CLANG_WARN_UNREACHABLE_CODE = YES;
				CLANG_WARN__DUPLICATE_METHOD_MATCH = YES;
				CODE_SIGN_IDENTITY = "iPhone Developer";
				COPY_PHASE_STRIP = NO;
				DEBUG_INFORMATION_FORMAT = "dwarf-with-dsym";
				ENABLE_NS_ASSERTIONS = NO;
				ENABLE_STRICT_OBJC_MSGSEND = YES;
				GCC_C_LANGUAGE_STANDARD = gnu11;
				GCC_NO_COMMON_BLOCKS = YES;
				GCC_WARN_64_TO_32_BIT_CONVERSION = YES;
				GCC_WARN_ABOUT_RETURN_TYPE = YES_ERROR;
				GCC_WARN_UNDECLARED_SELECTOR = YES;
				GCC_WARN_UNINITIALIZED_AUTOS = YES_AGGRESSIVE;
				GCC_WARN_UNUSED_FUNCTION = YES;
				GCC_WARN_UNUSED_VARIABLE = YES;
				IPHONEOS_DEPLOYMENT_TARGET = 12.1;
				MTL_ENABLE_DEBUG_INFO = NO;
				MTL_FAST_MATH = YES;
				SDKROOT = iphoneos;
				SWIFT_COMPILATION_MODE = wholemodule;
				SWIFT_OPTIMIZATION_LEVEL = "-O";
				VALIDATE_PRODUCT = YES;
			};
			name = Release;
		};
		FC3A417B2603BCAE00909049 /* Debug */ = {
			isa = XCBuildConfiguration;
			buildSettings = {
				ASSETCATALOG_COMPILER_APPICON_NAME = AppIcon;
				CODE_SIGN_STYLE = Automatic;
				INFOPLIST_FILE = "Alura Viagens/Info.plist";
				LD_RUNPATH_SEARCH_PATHS = (
					"$(inherited)",
					"@executable_path/Frameworks",
				);
				PRODUCT_BUNDLE_IDENTIFIER = "br.com.alura.Alura-Viagens";
				PRODUCT_NAME = "$(TARGET_NAME)";
				SWIFT_VERSION = 4.2;
				TARGETED_DEVICE_FAMILY = "1,2";
			};
			name = Debug;
		};
		FC3A417C2603BCAE00909049 /* Release */ = {
			isa = XCBuildConfiguration;
			buildSettings = {
				ASSETCATALOG_COMPILER_APPICON_NAME = AppIcon;
				CODE_SIGN_STYLE = Automatic;
				INFOPLIST_FILE = "Alura Viagens/Info.plist";
				LD_RUNPATH_SEARCH_PATHS = (
					"$(inherited)",
					"@executable_path/Frameworks",
				);
				PRODUCT_BUNDLE_IDENTIFIER = "br.com.alura.Alura-Viagens";
				PRODUCT_NAME = "$(TARGET_NAME)";
				SWIFT_VERSION = 4.2;
				TARGETED_DEVICE_FAMILY = "1,2";
			};
			name = Release;
		};
/* End XCBuildConfiguration section */

/* Begin XCConfigurationList section */
		FC3A41632603BCAD00909049 /* Build configuration list for PBXProject "Alura Viagens" */ = {
			isa = XCConfigurationList;
			buildConfigurations = (
				FC3A41782603BCAE00909049 /* Debug */,
				FC3A41792603BCAE00909049 /* Release */,
			);
			defaultConfigurationIsVisible = 0;
			defaultConfigurationName = Release;
		};
		FC3A417A2603BCAE00909049 /* Build configuration list for PBXNativeTarget "Alura Viagens" */ = {
			isa = XCConfigurationList;
			buildConfigurations = (
				FC3A417B2603BCAE00909049 /* Debug */,
				FC3A417C2603BCAE00909049 /* Release */,
			);
			defaultConfigurationIsVisible = 0;
			defaultConfigurationName = Release;
		};
/* End XCConfigurationList section */
	};
	rootObject = FC3A41602603BCAD00909049 /* Project object */;
}
